{
    "_global_": {
        "com.netflix.buildinfrastructure:netflixoss-plugin-common": {
            "firstLevelTransitive": [
                "com.netflix.buildinfrastructure:netflixoss-plugin-test",
                "com.netflix.buildinfrastructure:netflixoss-plugin-test",
                "com.netflix.buildinfrastructure:netflixoss-plugin-test",
                "com.netflix.buildinfrastructure:netflixoss-plugin-test",
                "com.netflix.buildinfrastructure:netflixoss-plugin-test"
            ],
            "project": true
        },
        "com.netflix.buildinfrastructure:netflixoss-plugin-test": {
            "project": true
        },
        "junit:junit": {
            "firstLevelTransitive": [
                "com.netflix.buildinfrastructure:netflixoss-plugin-common",
                "com.netflix.buildinfrastructure:netflixoss-plugin-common",
                "com.netflix.buildinfrastructure:netflixoss-plugin-test",
                "com.netflix.buildinfrastructure:netflixoss-plugin-test"
            ],
            "locked": "4.12"
        }
    }
}